
Microsoft Visual Studio Solution File, Format Version 12.00
# Visual Studio Version 17
VisualStudioVersion = 17.10.35013.160
MinimumVisualStudioVersion = 10.0.40219.1
Project("{FAE04EC0-301F-11D3-BF4B-00C04F79EFBC}") = "PriceListRedactor", "PriceListRedactor\PriceListRedactor.csproj", "{62E98BB0-ECB7-4459-99C9-984AAAFA68CC}"
EndProject
Global
	GlobalSection(SolutionConfigurationPlatforms) = preSolution
		Debug|Any CPU = Debug|Any CPU
		Release|Any CPU = Release|Any CPU
	EndGlobalSection
	GlobalSection(ProjectConfigurationPlatforms) = postSolution
		{62E98BB0-ECB7-4459-99C9-984AAAFA68CC}.Debug|Any CPU.ActiveCfg = Debug|Any CPU
		{62E98BB0-ECB7-4459-99C9-984AAAFA68CC}.Debug|Any CPU.Build.0 = Debug|Any CPU
		{62E98BB0-ECB7-4459-99C9-984AAAFA68CC}.Release|Any CPU.ActiveCfg = Release|Any CPU
		{62E98BB0-ECB7-4459-99C9-984AAAFA68CC}.Release|Any CPU.Build.0 = Release|Any CPU
	EndGlobalSection
	GlobalSection(SolutionProperties) = preSolution
		HideSolutionNode = FALSE
	EndGlobalSection
	GlobalSection(ExtensibilityGlobals) = postSolution
		SolutionGuid = {4AA4845A-639D-449F-9EB4-E3C52F19A24A}
	EndGlobalSection
EndGlobal
